
Microsoft Visual Studio Solution File, Format Version 12.00
# Visual Studio Version 17
VisualStudioVersion = 17.10.35027.167
MinimumVisualStudioVersion = 10.0.40219.1
Project("{FAE04EC0-301F-11D3-BF4B-00C04F79EFBC}") = "Inheritance", "Inheritance\Inheritance.csproj", "{0D52E042-2EC0-458A-9B68-9DCBB3F49868}"
EndProject
Global
	GlobalSection(SolutionConfigurationPlatforms) = preSolution
		Debug|Any CPU = Debug|Any CPU
		Release|Any CPU = Release|Any CPU
	EndGlobalSection
	GlobalSection(ProjectConfigurationPlatforms) = postSolution
		{0D52E042-2EC0-458A-9B68-9DCBB3F49868}.Debug|Any CPU.ActiveCfg = Debug|Any CPU
		{0D52E042-2EC0-458A-9B68-9DCBB3F49868}.Debug|Any CPU.Build.0 = Debug|Any CPU
		{0D52E042-2EC0-458A-9B68-9DCBB3F49868}.Release|Any CPU.ActiveCfg = Release|Any CPU
		{0D52E042-2EC0-458A-9B68-9DCBB3F49868}.Release|Any CPU.Build.0 = Release|Any CPU
	EndGlobalSection
	GlobalSection(SolutionProperties) = preSolution
		HideSolutionNode = FALSE
	EndGlobalSection
	GlobalSection(ExtensibilityGlobals) = postSolution
		SolutionGuid = {663DE230-8D30-4B61-A7FC-E4C567B193A6}
	EndGlobalSection
EndGlobal
